# THIS IS AN AUTOGENERATED FILE. DO NOT EDIT THIS FILE DIRECTLY.
# yarn lockfile v1


"@types/gzip-js@^0.3.3":
  version "0.3.3"
  resolved "https://registry.yarnpkg.com/@types/gzip-js/-/gzip-js-0.3.3.tgz#b485ce6f007c57fbac9ea7256c30f437ceb5fa1a"
  integrity sha512-Bp4dv9hfpD49sjn59+8VPMDm4O5Lx1qSLKn4GqV9ENbvoKrCV7GntIr7e85cFjtRWRPTXkIxWTCk4DKMXostMg==
  dependencies:
    "@types/node" "*"

"@types/node@*", "@types/node@^17.0.21":
  version "17.0.21"
  resolved "https://registry.npmjs.org/@types/node/-/node-17.0.21.tgz#864b987c0c68d07b4345845c3e63b75edd143644"
  integrity sha512-DBZCJbhII3r90XbQxI8Y9IjjiiOGlZ0Hr32omXIZvwwZ7p4DMMXGrKXVyPfuoBOri9XNtL0UK69jYIBIsRX3QQ==
